
Microsoft Visual Studio Solution File, Format Version 12.00
# Visual Studio Version 17
VisualStudioVersion = 17.7.34202.233
MinimumVisualStudioVersion = 10.0.40219.1
Project("{9A19103F-16F7-4668-BE54-9A1E7A4F7556}") = "CarRentalManagement.Server", "CarRentalManagement\Server\CarRentalManagement.Server.csproj", "{1F9E589E-9464-4746-A84B-FA44F74D449A}"
EndProject
Project("{9A19103F-16F7-4668-BE54-9A1E7A4F7556}") = "CarRentalManagement.Client", "CarRentalManagement\Client\CarRentalManagement.Client.csproj", "{D98DB292-9E7D-4B91-958B-7E9101708C18}"
EndProject
Project("{9A19103F-16F7-4668-BE54-9A1E7A4F7556}") = "CarRentalManagement.Shared", "CarRentalManagement\Shared\CarRentalManagement.Shared.csproj", "{B3511DDB-DA96-4250-B8D4-8D87996A724B}"
EndProject
Global
	GlobalSection(SolutionConfigurationPlatforms) = preSolution
		Debug|Any CPU = Debug|Any CPU
		Release|Any CPU = Release|Any CPU
	EndGlobalSection
	GlobalSection(ProjectConfigurationPlatforms) = postSolution
		{1F9E589E-9464-4746-A84B-FA44F74D449A}.Debug|Any CPU.ActiveCfg = Debug|Any CPU
		{1F9E589E-9464-4746-A84B-FA44F74D449A}.Debug|Any CPU.Build.0 = Debug|Any CPU
		{1F9E589E-9464-4746-A84B-FA44F74D449A}.Release|Any CPU.ActiveCfg = Release|Any CPU
		{1F9E589E-9464-4746-A84B-FA44F74D449A}.Release|Any CPU.Build.0 = Release|Any CPU
		{D98DB292-9E7D-4B91-958B-7E9101708C18}.Debug|Any CPU.ActiveCfg = Debug|Any CPU
		{D98DB292-9E7D-4B91-958B-7E9101708C18}.Debug|Any CPU.Build.0 = Debug|Any CPU
		{D98DB292-9E7D-4B91-958B-7E9101708C18}.Release|Any CPU.ActiveCfg = Release|Any CPU
		{D98DB292-9E7D-4B91-958B-7E9101708C18}.Release|Any CPU.Build.0 = Release|Any CPU
		{B3511DDB-DA96-4250-B8D4-8D87996A724B}.Debug|Any CPU.ActiveCfg = Debug|Any CPU
		{B3511DDB-DA96-4250-B8D4-8D87996A724B}.Debug|Any CPU.Build.0 = Debug|Any CPU
		{B3511DDB-DA96-4250-B8D4-8D87996A724B}.Release|Any CPU.ActiveCfg = Release|Any CPU
		{B3511DDB-DA96-4250-B8D4-8D87996A724B}.Release|Any CPU.Build.0 = Release|Any CPU
	EndGlobalSection
	GlobalSection(SolutionProperties) = preSolution
		HideSolutionNode = FALSE
	EndGlobalSection
	GlobalSection(ExtensibilityGlobals) = postSolution
		SolutionGuid = {4D3378B0-98D7-4831-AC8A-BE6E2603F0BD}
	EndGlobalSection
EndGlobal
